// !$*UTF8*$!
{
	archiveVersion = 1;
	classes = {
	};
	objectVersion = 77;
	objects = {

/* Begin PBXContainerItemProxy section */
		CB96E896301940AB00BAF8F5 /* PBXContainerItemProxy */ = {
			isa = PBXContainerItemProxy;
			containerPortal = CB96E880301940AA00BAF8F5 /* Project object */;
			proxyType = 1;
			remoteGlobalIDString = CB96E887301940AA00BAF8F5;
			remoteInfo = Cocoaheads;
		};
		CB96E8A0301940AB00BAF8F5 /* PBXContainerItemProxy */ = {
			isa = PBXContainerItemProxy;
			containerPortal = CB96E880301940AA00BAF8F5 /* Project object */;
			proxyType = 1;
			remoteGlobalIDString = CB96E887301940AA00BAF8F5;
			remoteInfo = Cocoaheads;
		};
/* End PBXContainerItemProxy section */

/* Begin PBXFileReference section */
		CB96E888301940AA00BAF8F5 /* Cocoaheads.app */ = {isa = PBXFileReference; explicitFileType = wrapper.application; includeInIndex = 0; path = Cocoaheads.app; sourceTree = BUILT_PRODUCTS_DIR; };
		CB96E895301940AB00BAF8F5 /* CocoaheadsTests.xctest */ = {isa = PBXFileReference; explicitFileType = wrapper.cfbundle; includeInIndex = 0; path = CocoaheadsTests.xctest; sourceTree = BUILT_PRODUCTS_DIR; };
		CB96E89F301940AB00BAF8F5 /* CocoaheadsUITests.xctest */ = {isa = PBXFileReference; explicitFileType = wrapper.cfbundle; includeInIndex = 0; path = CocoaheadsUITests.xctest; sourceTree = BUILT_PRODUCTS_DIR; };
/* End PBXFileReference section */

/* Begin PBXFileSystemSynchronizedRootGroup section */
		CB96E88A301940AA00BAF8F5 /* Cocoaheads */ = {
			isa = PBXFileSystemSynchronizedRootGroup;
			path = Cocoaheads;
			sourceTree = "<group>";
		};
		CB96E898301940AB00BAF8F5 /* CocoaheadsTests */ = {
			isa = PBXFileSystemSynchronizedRootGroup;
			path = CocoaheadsTests;
			sourceTree = "<group>";
		};
		CB96E8A2301940AB00BAF8F5 /* CocoaheadsUITests */ = {
			isa = PBXFileSystemSynchronizedRootGroup;
			path = CocoaheadsUITests;
			sourceTree = "<group>";
		};
/* End PBXFileSystemSynchronizedRootGroup section */

/* Begin PBXFrameworksBuildPhase section */
		CB96E885301940AA00BAF8F5 /* Frameworks */ = {
			isa = PBXFrameworksBuildPhase;
			buildActionMask = 2147483647;
			files = (
			);
			runOnlyForDeploymentPostprocessing = 0;
		};
		CB96E892301940AB00BAF8F5 /* Frameworks */ = {
			isa = PBXFrameworksBuildPhase;
			buildActionMask = 2147483647;
			files = (
			);
			runOnlyForDeploymentPostprocessing = 0;
		};
		CB96E89C301940AB00BAF8F5 /* Frameworks */ = {
			isa = PBXFrameworksBuildPhase;
			buildActionMask = 2147483647;
			files = (
			);
			runOnlyForDeploymentPostprocessing = 0;
		};
/* End PBXFrameworksBuildPhase section */

/* Begin PBXGroup section */
		CB96E87F301940AA00BAF8F5 = {
			isa = PBXGroup;
			children = (
				CB96E88A301940AA00BAF8F5 /* Cocoaheads */,
				CB96E898301940AB00BAF8F5 /* CocoaheadsTests */,
				CB96E8A2301940AB00BAF8F5 /* CocoaheadsUITests */,
				CB96E889301940AA00BAF8F5 /* Products */,
			);
			sourceTree = "<group>";
		};
		CB96E889301940AA00BAF8F5 /* Products */ = {
			isa = PBXGroup;
			children = (
				CB96E888301940AA00BAF8F5 /* Cocoaheads.app */,
				CB96E895301940AB00BAF8F5 /* CocoaheadsTests.xctest */,
				CB96E89F301940AB00BAF8F5 /* CocoaheadsUITests.xctest */,
			);
			name = Products;
			sourceTree = "<group>";
		};
/* End PBXGroup section */

/* Begin PBXNativeTarget section */
		CB96E887301940AA00BAF8F5 /* Cocoaheads */ = {
			isa = PBXNativeTarget;
			buildConfigurationList = CB96E8A9301940AB00BAF8F5 /* Build configuration list for PBXNativeTarget "Cocoaheads" */;
			buildPhases = (
				CB96E884301940AA00BAF8F5 /* Sources */,
				CB96E885301940AA00BAF8F5 /* Frameworks */,
				CB96E886301940AA00BAF8F5 /* Resources */,
			);
			buildRules = (
			);
			dependencies = (
			);
			fileSystemSynchronizedGroups = (
				CB96E88A301940AA00BAF8F5 /* Cocoaheads */,
			);
			name = Cocoaheads;
			packageProductDependencies = (
			);
			productName = Cocoaheads;
			productReference = CB96E888301940AA00BAF8F5 /* Cocoaheads.app */;
			productType = "com.apple.product-type.application";
		};
		CB96E894301940AB00BAF8F5 /* CocoaheadsTests */ = {
			isa = PBXNativeTarget;
			buildConfigurationList = CB96E8AC301940AB00BAF8F5 /* Build configuration list for PBXNativeTarget "CocoaheadsTests" */;
			buildPhases = (
				CB96E891301940AB00BAF8F5 /* Sources */,
				CB96E892301940AB00BAF8F5 /* Frameworks */,
				CB96E893301940AB00BAF8F5 /* Resources */,
			);
			buildRules = (
			);
			dependencies = (
				CB96E897301940AB00BAF8F5 /* PBXTargetDependency */,
			);
			fileSystemSynchronizedGroups = (
				CB96E898301940AB00BAF8F5 /* CocoaheadsTests */,
			);
			name = CocoaheadsTests;
			packageProductDependencies = (
			);
			productName = CocoaheadsTests;
			productReference = CB96E895301940AB00BAF8F5 /* CocoaheadsTests.xctest */;
			productType = "com.apple.product-type.bundle.unit-test";
		};
		CB96E89E301940AB00BAF8F5 /* CocoaheadsUITests */ = {
			isa = PBXNativeTarget;
			buildConfigurationList = CB96E8AF301940AB00BAF8F5 /* Build configuration list for PBXNativeTarget "CocoaheadsUITests" */;
			buildPhases = (
				CB96E89B301940AB00BAF8F5 /* Sources */,
				CB96E89C301940AB00BAF8F5 /* Frameworks */,
				CB96E89D301940AB00BAF8F5 /* Resources */,
			);
			buildRules = (
			);
			dependencies = (
				CB96E8A1301940AB00BAF8F5 /* PBXTargetDependency */,
			);
			fileSystemSynchronizedGroups = (
				CB96E8A2301940AB00BAF8F5 /* CocoaheadsUITests */,
			);
			name = CocoaheadsUITests;
			packageProductDependencies = (
			);
			productName = CocoaheadsUITests;
			productReference = CB96E89F301940AB00BAF8F5 /* CocoaheadsUITests.xctest */;
			productType = "com.apple.product-type.bundle.ui-testing";
		};
/* End PBXNativeTarget section */

/* Begin PBXProject section */
		CB96E880301940AA00BAF8F5 /* Project object */ = {
			isa = PBXProject;
			attributes = {
				BuildIndependentTargetsInParallel = 1;
				LastSwiftUpdateCheck = 1640;
				LastUpgradeCheck = 1640;
				TargetAttributes = {
					CB96E887301940AA00BAF8F5 = {
						CreatedOnToolsVersion = 16.4;
					};
					CB96E894301940AB00BAF8F5 = {
						CreatedOnToolsVersion = 16.4;
						TestTargetID = CB96E887301940AA00BAF8F5;
					};
					CB96E89E301940AB00BAF8F5 = {
						CreatedOnToolsVersion = 16.4;
						TestTargetID = CB96E887301940AA00BAF8F5;
					};
				};
			};
			buildConfigurationList = CB96E883301940AA00BAF8F5 /* Build configuration list for PBXProject "Cocoaheads" */;
			developmentRegion = en;
			hasScannedForEncodings = 0;
			knownRegions = (
				en,
				Base,
			);
			mainGroup = CB96E87F301940AA00BAF8F5;
			minimizedProjectReferenceProxies = 1;
			preferredProjectObjectVersion = 77;
			productRefGroup = CB96E889301940AA00BAF8F5 /* Products */;
			projectDirPath = "";
			projectRoot = "";
			targets = (
				CB96E887301940AA00BAF8F5 /* Cocoaheads */,
				CB96E894301940AB00BAF8F5 /* CocoaheadsTests */,
				CB96E89E301940AB00BAF8F5 /* CocoaheadsUITests */,
			);
		};
/* End PBXProject section */

/* Begin PBXResourcesBuildPhase section */
		CB96E886301940AA00BAF8F5 /* Resources */ = {
			isa = PBXResourcesBuildPhase;
			buildActionMask = 2147483647;
			files = (
			);
			runOnlyForDeploymentPostprocessing = 0;
		};
		CB96E893301940AB00BAF8F5 /* Resources */ = {
			isa = PBXResourcesBuildPhase;
			buildActionMask = 2147483647;
			files = (
			);
			runOnlyForDeploymentPostprocessing = 0;
		};
		CB96E89D301940AB00BAF8F5 /* Resources */ = {
			isa = PBXResourcesBuildPhase;
			buildActionMask = 2147483647;
			files = (
			);
			runOnlyForDeploymentPostprocessing = 0;
		};
/* End PBXResourcesBuildPhase section */

/* Begin PBXSourcesBuildPhase section */
		CB96E884301940AA00BAF8F5 /* Sources */ = {
			isa = PBXSourcesBuildPhase;
			buildActionMask = 2147483647;
			files = (
			);
			runOnlyForDeploymentPostprocessing = 0;
		};
		CB96E891301940AB00BAF8F5 /* Sources */ = {
			isa = PBXSourcesBuildPhase;
			buildActionMask = 2147483647;
			files = (
			);
			runOnlyForDeploymentPostprocessing = 0;
		};
		CB96E89B301940AB00BAF8F5 /* Sources */ = {
			isa = PBXSourcesBuildPhase;
			buildActionMask = 2147483647;
			files = (
			);
			runOnlyForDeploymentPostprocessing = 0;
		};
/* End PBXSourcesBuildPhase section */

/* Begin PBXTargetDependency section */
		CB96E897301940AB00BAF8F5 /* PBXTargetDependency */ = {
			isa = PBXTargetDependency;
			target = CB96E887301940AA00BAF8F5 /* Cocoaheads */;
			targetProxy = CB96E896301940AB00BAF8F5 /* PBXContainerItemProxy */;
		};
		CB96E8A1301940AB00BAF8F5 /* PBXTargetDependency */ = {
			isa = PBXTargetDependency;
			target = CB96E887301940AA00BAF8F5 /* Cocoaheads */;
			targetProxy = CB96E8A0301940AB00BAF8F5 /* PBXContainerItemProxy */;
		};
/* End PBXTargetDependency section */

/* Begin XCBuildConfiguration section */
		CB96E8A7301940AB00BAF8F5 /* Debug */ = {
			isa = XCBuildConfiguration;
			buildSettings = {
				ALWAYS_SEARCH_USER_PATHS = NO;
				ASSETCATALOG_COMPILER_GENERATE_SWIFT_ASSET_SYMBOL_EXTENSIONS = YES;
				CLANG_ANALYZER_NONNULL = YES;
				CLANG_ANALYZER_NUMBER_OBJECT_CONVERSION = YES_AGGRESSIVE;
				CLANG_CXX_LANGUAGE_STANDARD = "gnu++20";
				CLANG_ENABLE_MODULES = YES;
				CLANG_ENABLE_OBJC_ARC = YES;
				CLANG_ENABLE_OBJC_WEAK = YES;
				CLANG_WARN_BLOCK_CAPTURE_AUTORELEASING = YES;
				CLANG_WARN_BOOL_CONVERSION = YES;
				CLANG_WARN_COMMA = YES;
				CLANG_WARN_CONSTANT_CONVERSION = YES;
				CLANG_WARN_DEPRECATED_OBJC_IMPLEMENTATIONS = YES;
				CLANG_WARN_DIRECT_OBJC_ISA_USAGE = YES_ERROR;
				CLANG_WARN_DOCUMENTATION_COMMENTS = YES;
				CLANG_WARN_EMPTY_BODY = YES;
				CLANG_WARN_ENUM_CONVERSION = YES;
				CLANG_WARN_INFINITE_RECURSION = YES;
				CLANG_WARN_INT_CONVERSION = YES;
				CLANG_WARN_NON_LITERAL_NULL_CONVERSION = YES;
				CLANG_WARN_OBJC_IMPLICIT_RETAIN_SELF = YES;
				CLANG_WARN_OBJC_LITERAL_CONVERSION = YES;
				CLANG_WARN_OBJC_ROOT_CLASS = YES_ERROR;
				CLANG_WARN_QUOTED_INCLUDE_IN_FRAMEWORK_HEADER = YES;
				CLANG_WARN_RANGE_LOOP_ANALYSIS = YES;
				CLANG_WARN_STRICT_PROTOTYPES = YES;
				CLANG_WARN_SUSPICIOUS_MOVE = YES;
				CLANG_WARN_UNGUARDED_AVAILABILITY = YES_AGGRESSIVE;
				CLANG_WARN_UNREACHABLE_CODE = YES;
				CLANG_WARN__DUPLICATE_METHOD_MATCH = YES;
				COPY_PHASE_STRIP = NO;
				DEBUG_INFORMATION_FORMAT = dwarf;
				DEVELOPMENT_TEAM = 52LS6H35Y9;
				ENABLE_STRICT_OBJC_MSGSEND = YES;
				ENABLE_TESTABILITY = YES;
				ENABLE_USER_SCRIPT_SANDBOXING = YES;
				GCC_C_LANGUAGE_STANDARD = gnu17;
				GCC_DYNAMIC_NO_PIC = NO;
				GCC_NO_COMMON_BLOCKS = YES;
				GCC_OPTIMIZATION_LEVEL = 0;
				GCC_PREPROCESSOR_DEFINITIONS = (
					"DEBUG=1",
					"$(inherited)",
				);
				GCC_WARN_64_TO_32_BIT_CONVERSION = YES;
				GCC_WARN_ABOUT_RETURN_TYPE = YES_ERROR;
				GCC_WARN_UNDECLARED_SELECTOR = YES;
				GCC_WARN_UNINITIALIZED_AUTOS = YES_AGGRESSIVE;
				GCC_WARN_UNUSED_FUNCTION = YES;
				GCC_WARN_UNUSED_VARIABLE = YES;
				IPHONEOS_DEPLOYMENT_TARGET = 18.5;
				LOCALIZATION_PREFERS_STRING_CATALOGS = YES;
				MTL_ENABLE_DEBUG_INFO = INCLUDE_SOURCE;
				MTL_FAST_MATH = YES;
				ONLY_ACTIVE_ARCH = YES;
				SDKROOT = iphoneos;
				SWIFT_ACTIVE_COMPILATION_CONDITIONS = "DEBUG $(inherited)";
				SWIFT_OPTIMIZATION_LEVEL = "-Onone";
			};
			name = Debug;
		};
		CB96E8A8301940AB00BAF8F5 /* Release */ = {
			isa = XCBuildConfiguration;
			buildSettings = {
				ALWAYS_SEARCH_USER_PATHS = NO;
				ASSETCATALOG_COMPILER_GENERATE_SWIFT_ASSET_SYMBOL_EXTENSIONS = YES;
				CLANG_ANALYZER_NONNULL = YES;
				CLANG_ANALYZER_NUMBER_OBJECT_CONVERSION = YES_AGGRESSIVE;
				CLANG_CXX_LANGUAGE_STANDARD = "gnu++20";
				CLANG_ENABLE_MODULES = YES;
				CLANG_ENABLE_OBJC_ARC = YES;
				CLANG_ENABLE_OBJC_WEAK = YES;
				CLANG_WARN_BLOCK_CAPTURE_AUTORELEASING = YES;
				CLANG_WARN_BOOL_CONVERSION = YES;
				CLANG_WARN_COMMA = YES;
				CLANG_WARN_CONSTANT_CONVERSION = YES;
				CLANG_WARN_DEPRECATED_OBJC_IMPLEMENTATIONS = YES;
				CLANG_WARN_DIRECT_OBJC_ISA_USAGE = YES_ERROR;
				CLANG_WARN_DOCUMENTATION_COMMENTS = YES;
				CLANG_WARN_EMPTY_BODY = YES;
				CLANG_WARN_ENUM_CONVERSION = YES;
				CLANG_WARN_INFINITE_RECURSION = YES;
				CLANG_WARN_INT_CONVERSION = YES;
				CLANG_WARN_NON_LITERAL_NULL_CONVERSION = YES;
				CLANG_WARN_OBJC_IMPLICIT_RETAIN_SELF = YES;
				CLANG_WARN_OBJC_LITERAL_CONVERSION = YES;
				CLANG_WARN_OBJC_ROOT_CLASS = YES_ERROR;
				CLANG_WARN_QUOTED_INCLUDE_IN_FRAMEWORK_HEADER = YES;
				CLANG_WARN_RANGE_LOOP_ANALYSIS = YES;
				CLANG_WARN_STRICT_PROTOTYPES = YES;
				CLANG_WARN_SUSPICIOUS_MOVE = YES;
				CLANG_WARN_UNGUARDED_AVAILABILITY = YES_AGGRESSIVE;
				CLANG_WARN_UNREACHABLE_CODE = YES;
				CLANG_WARN__DUPLICATE_METHOD_MATCH = YES;
				COPY_PHASE_STRIP = NO;
				DEBUG_INFORMATION_FORMAT = "dwarf-with-dsym";
				DEVELOPMENT_TEAM = 52LS6H35Y9;
				ENABLE_NS_ASSERTIONS = NO;
				ENABLE_STRICT_OBJC_MSGSEND = YES;
				ENABLE_USER_SCRIPT_SANDBOXING = YES;
				GCC_C_LANGUAGE_STANDARD = gnu17;
				GCC_NO_COMMON_BLOCKS = YES;
				GCC_WARN_64_TO_32_BIT_CONVERSION = YES;
				GCC_WARN_ABOUT_RETURN_TYPE = YES_ERROR;
				GCC_WARN_UNDECLARED_SELECTOR = YES;
				GCC_WARN_UNINITIALIZED_AUTOS = YES_AGGRESSIVE;
				GCC_WARN_UNUSED_FUNCTION = YES;
				GCC_WARN_UNUSED_VARIABLE = YES;
				IPHONEOS_DEPLOYMENT_TARGET = 18.5;
				LOCALIZATION_PREFERS_STRING_CATALOGS = YES;
				MTL_ENABLE_DEBUG_INFO = NO;
				MTL_FAST_MATH = YES;
				SDKROOT = iphoneos;
				SWIFT_COMPILATION_MODE = wholemodule;
				VALIDATE_PRODUCT = YES;
			};
			name = Release;
		};
		CB96E8AA301940AB00BAF8F5 /* Debug */ = {
			isa = XCBuildConfiguration;
			buildSettings = {
				ASSETCATALOG_COMPILER_APPICON_NAME = AppIcon;
				ASSETCATALOG_COMPILER_GLOBAL_ACCENT_COLOR_NAME = AccentColor;
				CODE_SIGN_STYLE = Automatic;
				CURRENT_PROJECT_VERSION = 1;
				DEVELOPMENT_TEAM = 52LS6H35Y9;
				ENABLE_PREVIEWS = YES;
				GENERATE_INFOPLIST_FILE = YES;
				INFOPLIST_KEY_UIApplicationSceneManifest_Generation = YES;
				INFOPLIST_KEY_UIApplicationSupportsIndirectInputEvents = YES;
				INFOPLIST_KEY_UILaunchScreen_Generation = YES;
				INFOPLIST_KEY_UISupportedInterfaceOrientations_iPad = "UIInterfaceOrientationPortrait UIInterfaceOrientationPortraitUpsideDown UIInterfaceOrientationLandscapeLeft UIInterfaceOrientationLandscapeRight";
				INFOPLIST_KEY_UISupportedInterfaceOrientations_iPhone = "UIInterfaceOrientationPortrait UIInterfaceOrientationLandscapeLeft UIInterfaceOrientationLandscapeRight";
				LD_RUNPATH_SEARCH_PATHS = (
					"$(inherited)",
					"@executable_path/Frameworks",
				);
				MARKETING_VERSION = 1.0;
				PRODUCT_BUNDLE_IDENTIFIER = org.cminow.Cocoaheads;
				PRODUCT_NAME = "$(TARGET_NAME)";
				SWIFT_EMIT_LOC_STRINGS = YES;
				SWIFT_VERSION = 5.0;
				TARGETED_DEVICE_FAMILY = "1,2";
			};
			name = Debug;
		};
		CB96E8AB301940AB00BAF8F5 /* Release */ = {
			isa = XCBuildConfiguration;
			buildSettings = {
				ASSETCATALOG_COMPILER_APPICON_NAME = AppIcon;
				ASSETCATALOG_COMPILER_GLOBAL_ACCENT_COLOR_NAME = AccentColor;
				CODE_SIGN_STYLE = Automatic;
				CURRENT_PROJECT_VERSION = 1;
				DEVELOPMENT_TEAM = 52LS6H35Y9;
				ENABLE_PREVIEWS = YES;
				GENERATE_INFOPLIST_FILE = YES;
				INFOPLIST_KEY_UIApplicationSceneManifest_Generation = YES;
				INFOPLIST_KEY_UIApplicationSupportsIndirectInputEvents = YES;
				INFOPLIST_KEY_UILaunchScreen_Generation = YES;
				INFOPLIST_KEY_UISupportedInterfaceOrientations_iPad = "UIInterfaceOrientationPortrait UIInterfaceOrientationPortraitUpsideDown UIInterfaceOrientationLandscapeLeft UIInterfaceOrientationLandscapeRight";
				INFOPLIST_KEY_UISupportedInterfaceOrientations_iPhone = "UIInterfaceOrientationPortrait UIInterfaceOrientationLandscapeLeft UIInterfaceOrientationLandscapeRight";
				LD_RUNPATH_SEARCH_PATHS = (
					"$(inherited)",
					"@executable_path/Frameworks",
				);
				MARKETING_VERSION = 1.0;
				PRODUCT_BUNDLE_IDENTIFIER = org.cminow.Cocoaheads;
				PRODUCT_NAME = "$(TARGET_NAME)";
				SWIFT_EMIT_LOC_STRINGS = YES;
				SWIFT_VERSION = 5.0;
				TARGETED_DEVICE_FAMILY = "1,2";
			};
			name = Release;
		};
		CB96E8AD301940AB00BAF8F5 /* Debug */ = {
			isa = XCBuildConfiguration;
			buildSettings = {
				BUNDLE_LOADER = "$(TEST_HOST)";
				CODE_SIGN_STYLE = Automatic;
				CURRENT_PROJECT_VERSION = 1;
				DEVELOPMENT_TEAM = 52LS6H35Y9;
				GENERATE_INFOPLIST_FILE = YES;
				IPHONEOS_DEPLOYMENT_TARGET = 18.5;
				MARKETING_VERSION = 1.0;
				PRODUCT_BUNDLE_IDENTIFIER = org.cminow.CocoaheadsTests;
				PRODUCT_NAME = "$(TARGET_NAME)";
				SWIFT_EMIT_LOC_STRINGS = NO;
				SWIFT_VERSION = 5.0;
				TARGETED_DEVICE_FAMILY = "1,2";
				TEST_HOST = "$(BUILT_PRODUCTS_DIR)/Cocoaheads.app/$(BUNDLE_EXECUTABLE_FOLDER_PATH)/Cocoaheads";
			};
			name = Debug;
		};
		CB96E8AE301940AB00BAF8F5 /* Release */ = {
			isa = XCBuildConfiguration;
			buildSettings = {
				BUNDLE_LOADER = "$(TEST_HOST)";
				CODE_SIGN_STYLE = Automatic;
				CURRENT_PROJECT_VERSION = 1;
				DEVELOPMENT_TEAM = 52LS6H35Y9;
				GENERATE_INFOPLIST_FILE = YES;
				IPHONEOS_DEPLOYMENT_TARGET = 18.5;
				MARKETING_VERSION = 1.0;
				PRODUCT_BUNDLE_IDENTIFIER = org.cminow.CocoaheadsTests;
				PRODUCT_NAME = "$(TARGET_NAME)";
				SWIFT_EMIT_LOC_STRINGS = NO;
				SWIFT_VERSION = 5.0;
				TARGETED_DEVICE_FAMILY = "1,2";
				TEST_HOST = "$(BUILT_PRODUCTS_DIR)/Cocoaheads.app/$(BUNDLE_EXECUTABLE_FOLDER_PATH)/Cocoaheads";
			};
			name = Release;
		};
		CB96E8B0301940AB00BAF8F5 /* Debug */ = {
			isa = XCBuildConfiguration;
			buildSettings = {
				CODE_SIGN_STYLE = Automatic;
				CURRENT_PROJECT_VERSION = 1;
				DEVELOPMENT_TEAM = 52LS6H35Y9;
				GENERATE_INFOPLIST_FILE = YES;
				MARKETING_VERSION = 1.0;
				PRODUCT_BUNDLE_IDENTIFIER = org.cminow.CocoaheadsUITests;
				PRODUCT_NAME = "$(TARGET_NAME)";
				SWIFT_EMIT_LOC_STRINGS = NO;
				SWIFT_VERSION = 5.0;
				TARGETED_DEVICE_FAMILY = "1,2";
				TEST_TARGET_NAME = Cocoaheads;
			};
			name = Debug;
		};
		CB96E8B1301940AB00BAF8F5 /* Release */ = {
			isa = XCBuildConfiguration;
			buildSettings = {
				CODE_SIGN_STYLE = Automatic;
				CURRENT_PROJECT_VERSION = 1;
				DEVELOPMENT_TEAM = 52LS6H35Y9;
				GENERATE_INFOPLIST_FILE = YES;
				MARKETING_VERSION = 1.0;
				PRODUCT_BUNDLE_IDENTIFIER = org.cminow.CocoaheadsUITests;
				PRODUCT_NAME = "$(TARGET_NAME)";
				SWIFT_EMIT_LOC_STRINGS = NO;
				SWIFT_VERSION = 5.0;
				TARGETED_DEVICE_FAMILY = "1,2";
				TEST_TARGET_NAME = Cocoaheads;
			};
			name = Release;
		};
/* End XCBuildConfiguration section */

/* Begin XCConfigurationList section */
		CB96E883301940AA00BAF8F5 /* Build configuration list for PBXProject "Cocoaheads" */ = {
			isa = XCConfigurationList;
			buildConfigurations = (
				CB96E8A7301940AB00BAF8F5 /* Debug */,
				CB96E8A8301940AB00BAF8F5 /* Release */,
			);
			defaultConfigurationIsVisible = 0;
			defaultConfigurationName = Release;
		};
		CB96E8A9301940AB00BAF8F5 /* Build configuration list for PBXNativeTarget "Cocoaheads" */ = {
			isa = XCConfigurationList;
			buildConfigurations = (
				CB96E8AA301940AB00BAF8F5 /* Debug */,
				CB96E8AB301940AB00BAF8F5 /* Release */,
			);
			defaultConfigurationIsVisible = 0;
			defaultConfigurationName = Release;
		};
		CB96E8AC301940AB00BAF8F5 /* Build configuration list for PBXNativeTarget "CocoaheadsTests" */ = {
			isa = XCConfigurationList;
			buildConfigurations = (
				CB96E8AD301940AB00BAF8F5 /* Debug */,
				CB96E8AE301940AB00BAF8F5 /* Release */,
			);
			defaultConfigurationIsVisible = 0;
			defaultConfigurationName = Release;
		};
		CB96E8AF301940AB00BAF8F5 /* Build configuration list for PBXNativeTarget "CocoaheadsUITests" */ = {
			isa = XCConfigurationList;
			buildConfigurations = (
				CB96E8B0301940AB00BAF8F5 /* Debug */,
				CB96E8B1301940AB00BAF8F5 /* Release */,
			);
			defaultConfigurationIsVisible = 0;
			defaultConfigurationName = Release;
		};
/* End XCConfigurationList section */
	};
	rootObject = CB96E880301940AA00BAF8F5 /* Project object */;
}
